{
    "_readme": [
        "This file locks the dependencies of your project to a known state",
        "Read more about it at https://getcomposer.org/doc/01-basic-usage.md#composer-lock-the-lock-file",
        "This file is @generated automatically"
    ],
    "content-hash": "166dd348ec32594bb71ed3ce5c1cab5f",
    "packages": [
        {
            "name": "coffeecode/datalayer",
            "version": "1.1.4",
            "source": {
                "type": "git",
                "url": "https://github.com/robsonvleite/datalayer.git",
                "reference": "17fecff8edb8fb5287648875f182acbb80389614"
            },
            "dist": {
                "type": "zip",
                "url": "https://api.github.com/repos/robsonvleite/datalayer/zipball/17fecff8edb8fb5287648875f182acbb80389614",
                "reference": "17fecff8edb8fb5287648875f182acbb80389614",
                "shasum": ""
            },
            "require": {
                "ext-pdo": "*",
                "php": "^7.2"
            },
            "type": "library",
            "autoload": {
                "psr-4": {
                    "CoffeeCode\\DataLayer\\": "src"
                }
            },
            "notification-url": "https://packagist.org/downloads/",
            "license": [
                "MIT"
            ],
            "authors": [
                {
                    "name": "Robson V. Leite",
                    "email": "cursos@upinside.com.br",
                    "role": "Developer"
                }
            ],
            "description": "The data layer is a persistent abstraction component of your database that PDO",
            "homepage": "http://www.upinside.com.br",
            "keywords": [
                "Coffeecode",
                "crud",
                "database",
                "delete",
                "destroy",
                "pdo",
                "save",
                "upinside"
            ],
            "time": "2019-10-29T13:34:17+00:00"
        },
        {
            "name": "coffeecode/router",
            "version": "1.0.7",
            "source": {
                "type": "git",
                "url": "https://github.com/robsonvleite/router.git",
                "reference": "e3b94f72bc389e8b97d82a0fd0e5bff743e51667"
            },
            "dist": {
                "type": "zip",
                "url": "https://api.github.com/repos/robsonvleite/router/zipball/e3b94f72bc389e8b97d82a0fd0e5bff743e51667",
                "reference": "e3b94f72bc389e8b97d82a0fd0e5bff743e51667",
                "shasum": ""
            },
            "require": {
                "php": "^7.2"
            },
            "type": "library",
            "autoload": {
                "psr-4": {
                    "CoffeeCode\\Router\\": "src"
                }
            },
            "notification-url": "https://packagist.org/downloads/",
            "license": [
                "MIT"
            ],
            "authors": [
                {
                    "name": "Robson V. Leite",
                    "email": "cursos@upinside.com.br",
                    "role": "Developer"
                }
            ],
            "description": "A classic CoffeeCode Router is easy, fast and extremely uncomplicated. Create and manage your routes in minutes!",
            "homepage": "http://www.upinside.com.br",
            "keywords": [
                "Coffeecode",
                "route",
                "router",
                "routes",
                "upinside"
            ],
            "time": "2019-09-30T16:29:47+00:00"
        },
        {
            "name": "miladrahimi/phprouter",
            "version": "v4.0.4",
            "source": {
                "type": "git",
                "url": "https://github.com/miladrahimi/phprouter.git",
                "reference": "4ed59c2fcf338fbe0aeb7632467ae9a62f8515b5"
            },
            "dist": {
                "type": "zip",
                "url": "https://api.github.com/repos/miladrahimi/phprouter/zipball/4ed59c2fcf338fbe0aeb7632467ae9a62f8515b5",
                "reference": "4ed59c2fcf338fbe0aeb7632467ae9a62f8515b5",
                "shasum": ""
            },
            "require": {
                "ext-json": "*",
                "ext-mbstring": "*",
                "php": ">=7.1",
                "zendframework/zend-diactoros": "^2.1"
            },
            "require-dev": {
                "phpunit/phpunit": "^7"
            },
            "type": "library",
            "autoload": {
                "psr-4": {
                    "MiladRahimi\\PhpRouter\\": "src/",
                    "MiladRahimi\\PhpRouter\\Tests\\": "tests/",
                    "MiladRahimi\\PhpRouter\\Examples\\": "examples/"
                }
            },
            "notification-url": "https://packagist.org/downloads/",
            "license": [
                "MIT"
            ],
            "authors": [
                {
                    "name": "Milad Rahimi",
                    "email": "info@miladrahimi.com",
                    "homepage": "https://miladrahimi.com",
                    "role": "Developer"
                }
            ],
            "description": "PhpRouter is a powerful and standalone HTTP URL router for PHP projects.",
            "homepage": "https://github.com/miladrahimi/phprouter",
            "keywords": [
                "HTTP Router",
                "URL Router",
                "http",
                "route",
                "router",
                "routing",
                "url"
            ],
            "time": "2019-11-03T17:37:55+00:00"
        },
        {
            "name": "psr/http-factory",
            "version": "1.0.1",
            "source": {
                "type": "git",
                "url": "https://github.com/php-fig/http-factory.git",
                "reference": "12ac7fcd07e5b077433f5f2bee95b3a771bf61be"
            },
            "dist": {
                "type": "zip",
                "url": "https://api.github.com/repos/php-fig/http-factory/zipball/12ac7fcd07e5b077433f5f2bee95b3a771bf61be",
                "reference": "12ac7fcd07e5b077433f5f2bee95b3a771bf61be",
                "shasum": ""
            },
            "require": {
                "php": ">=7.0.0",
                "psr/http-message": "^1.0"
            },
            "type": "library",
            "extra": {
                "branch-alias": {
                    "dev-master": "1.0.x-dev"
                }
            },
            "autoload": {
                "psr-4": {
                    "Psr\\Http\\Message\\": "src/"
                }
            },
            "notification-url": "https://packagist.org/downloads/",
            "license": [
                "MIT"
            ],
            "authors": [
                {
                    "name": "PHP-FIG",
                    "homepage": "http://www.php-fig.org/"
                }
            ],
            "description": "Common interfaces for PSR-7 HTTP message factories",
            "keywords": [
                "factory",
                "http",
                "message",
                "psr",
                "psr-17",
                "psr-7",
                "request",
                "response"
            ],
            "time": "2019-04-30T12:38:16+00:00"
        },
        {
            "name": "psr/http-message",
            "version": "1.0.1",
            "source": {
                "type": "git",
                "url": "https://github.com/php-fig/http-message.git",
                "reference": "f6561bf28d520154e4b0ec72be95418abe6d9363"
            },
            "dist": {
                "type": "zip",
                "url": "https://api.github.com/repos/php-fig/http-message/zipball/f6561bf28d520154e4b0ec72be95418abe6d9363",
                "reference": "f6561bf28d520154e4b0ec72be95418abe6d9363",
                "shasum": ""
            },
            "require": {
                "php": ">=5.3.0"
            },
            "type": "library",
            "extra": {
                "branch-alias": {
                    "dev-master": "1.0.x-dev"
                }
            },
            "autoload": {
                "psr-4": {
                    "Psr\\Http\\Message\\": "src/"
                }
            },
            "notification-url": "https://packagist.org/downloads/",
            "license": [
                "MIT"
            ],
            "authors": [
                {
                    "name": "PHP-FIG",
                    "homepage": "http://www.php-fig.org/"
                }
            ],
            "description": "Common interface for HTTP messages",
            "homepage": "https://github.com/php-fig/http-message",
            "keywords": [
                "http",
                "http-message",
                "psr",
                "psr-7",
                "request",
                "response"
            ],
            "time": "2016-08-06T14:39:51+00:00"
        },
        {
            "name": "symfony/dotenv",
            "version": "v4.3.6",
            "source": {
                "type": "git",
                "url": "https://github.com/symfony/dotenv.git",
                "reference": "62d93bf07edd0d76f033d65a7fd1c1ce50d28b50"
            },
            "dist": {
                "type": "zip",
                "url": "https://api.github.com/repos/symfony/dotenv/zipball/62d93bf07edd0d76f033d65a7fd1c1ce50d28b50",
                "reference": "62d93bf07edd0d76f033d65a7fd1c1ce50d28b50",
                "shasum": ""
            },
            "require": {
                "php": "^7.1.3"
            },
            "require-dev": {
                "symfony/process": "^3.4.2|^4.0"
            },
            "type": "library",
            "extra": {
                "branch-alias": {
                    "dev-master": "4.3-dev"
                }
            },
            "autoload": {
                "psr-4": {
                    "Symfony\\Component\\Dotenv\\": ""
                },
                "exclude-from-classmap": [
                    "/Tests/"
                ]
            },
            "notification-url": "https://packagist.org/downloads/",
            "license": [
                "MIT"
            ],
            "authors": [
                {
                    "name": "Fabien Potencier",
                    "email": "fabien@symfony.com"
                },
                {
                    "name": "Symfony Community",
                    "homepage": "https://symfony.com/contributors"
                }
            ],
            "description": "Registers environment variables from a .env file",
            "homepage": "https://symfony.com",
            "keywords": [
                "dotenv",
                "env",
                "environment"
            ],
            "time": "2019-10-18T11:23:15+00:00"
        },
        {
            "name": "zendframework/zend-diactoros",
            "version": "2.1.5",
            "source": {
                "type": "git",
                "url": "https://github.com/zendframework/zend-diactoros.git",
                "reference": "6dcf9e760a6b476f3e9d80abbc9ce9c4aa921f9c"
            },
            "dist": {
                "type": "zip",
                "url": "https://api.github.com/repos/zendframework/zend-diactoros/zipball/6dcf9e760a6b476f3e9d80abbc9ce9c4aa921f9c",
                "reference": "6dcf9e760a6b476f3e9d80abbc9ce9c4aa921f9c",
                "shasum": ""
            },
            "require": {
                "php": "^7.1",
                "psr/http-factory": "^1.0",
                "psr/http-message": "^1.0"
            },
            "provide": {
                "psr/http-factory-implementation": "1.0",
                "psr/http-message-implementation": "1.0"
            },
            "require-dev": {
                "ext-curl": "*",
                "ext-dom": "*",
                "ext-libxml": "*",
                "http-interop/http-factory-tests": "^0.5.0",
                "php-http/psr7-integration-tests": "dev-master",
                "phpunit/phpunit": "^7.0.2",
                "zendframework/zend-coding-standard": "~1.0.0"
            },
            "type": "library",
            "extra": {
                "branch-alias": {
                    "dev-master": "2.1.x-dev",
                    "dev-develop": "2.2.x-dev",
                    "dev-release-1.8": "1.8.x-dev"
                }
            },
            "autoload": {
                "files": [
                    "src/functions/create_uploaded_file.php",
                    "src/functions/marshal_headers_from_sapi.php",
                    "src/functions/marshal_method_from_sapi.php",
                    "src/functions/marshal_protocol_version_from_sapi.php",
                    "src/functions/marshal_uri_from_sapi.php",
                    "src/functions/normalize_server.php",
                    "src/functions/normalize_uploaded_files.php",
                    "src/functions/parse_cookie_header.php"
                ],
                "psr-4": {
                    "Zend\\Diactoros\\": "src/"
                }
            },
            "notification-url": "https://packagist.org/downloads/",
            "license": [
                "BSD-3-Clause"
            ],
            "description": "PSR HTTP Message implementations",
            "keywords": [
                "http",
                "psr",
                "psr-7"
            ],
            "time": "2019-10-10T17:38:20+00:00"
        }
    ],
    "packages-dev": [],
    "aliases": [],
    "minimum-stability": "stable",
    "stability-flags": [],
    "prefer-stable": false,
    "prefer-lowest": false,
    "platform": [],
    "platform-dev": []
}
